{
  "name": "help-sheet",
  "version": "0.0.2",
  "lockfileVersion": 2,
  "requires": true,
  "packages": {
    "": {
      "name": "help-sheet",
      "version": "0.0.2",
      "license": "ISC",
      "dependencies": {
        "help-sheet": "^0.0.2"
      }
    },
    "node_modules/help-sheet": {
      "version": "0.0.2",
      "resolved": "https://registry.npmjs.org/help-sheet/-/help-sheet-0.0.2.tgz",
      "integrity": "sha512-qKk6S9k6eCjo0ANSJn8gofjuVMNn53RNX6wtbdHgCG+ApyWFn56bK/A1UM0cZL9CPd3lFTFVbi1xc+V0EF0nKg=="
    }
  },
  "dependencies": {
    "help-sheet": {
      "version": "0.0.2",
      "resolved": "https://registry.npmjs.org/help-sheet/-/help-sheet-0.0.2.tgz",
      "integrity": "sha512-qKk6S9k6eCjo0ANSJn8gofjuVMNn53RNX6wtbdHgCG+ApyWFn56bK/A1UM0cZL9CPd3lFTFVbi1xc+V0EF0nKg=="
    }
  }
}
